
Microsoft Visual Studio Solution File, Format Version 12.00
# Visual Studio Version 17
VisualStudioVersion = 17.0.31919.166
MinimumVisualStudioVersion = 10.0.40219.1
Project("{FAE04EC0-301F-11D3-BF4B-00C04F79EFBC}") = "ViscousLava", "ViscousLava\ViscousLava.csproj", "{C767A061-53FC-4453-AD7E-3832133A75F5}"
EndProject
Global
	GlobalSection(SolutionConfigurationPlatforms) = preSolution
		Debug|Any CPU = Debug|Any CPU
		Release|Any CPU = Release|Any CPU
	EndGlobalSection
	GlobalSection(ProjectConfigurationPlatforms) = postSolution
		{C767A061-53FC-4453-AD7E-3832133A75F5}.Debug|Any CPU.ActiveCfg = Debug|Any CPU
		{C767A061-53FC-4453-AD7E-3832133A75F5}.Debug|Any CPU.Build.0 = Debug|Any CPU
		{C767A061-53FC-4453-AD7E-3832133A75F5}.Release|Any CPU.ActiveCfg = Release|Any CPU
		{C767A061-53FC-4453-AD7E-3832133A75F5}.Release|Any CPU.Build.0 = Release|Any CPU
	EndGlobalSection
	GlobalSection(SolutionProperties) = preSolution
		HideSolutionNode = FALSE
	EndGlobalSection
	GlobalSection(ExtensibilityGlobals) = postSolution
		SolutionGuid = {CDA83538-50BB-475F-91C3-9D718ECF3636}
	EndGlobalSection
EndGlobal
